
Microsoft Visual Studio Solution File, Format Version 12.00
# Visual Studio Version 16
VisualStudioVersion = 16.0.30413.136
MinimumVisualStudioVersion = 10.0.40219.1
Project("{FAE04EC0-301F-11D3-BF4B-00C04F79EFBC}") = "MyGame", "MyGame\MyGame.csproj", "{1A9CEB89-5D94-4958-B740-E5E65F73B668}"
EndProject
Project("{FAE04EC0-301F-11D3-BF4B-00C04F79EFBC}") = "MyClassLibrary", "MyClassLibrary\MyClassLibrary.csproj", "{4A28F918-C75F-4819-B354-9E36A8A9434C}"
EndProject
Global
	GlobalSection(SolutionConfigurationPlatforms) = preSolution
		Debug|Any CPU = Debug|Any CPU
		Release|Any CPU = Release|Any CPU
	EndGlobalSection
	GlobalSection(ProjectConfigurationPlatforms) = postSolution
		{1A9CEB89-5D94-4958-B740-E5E65F73B668}.Debug|Any CPU.ActiveCfg = Debug|Any CPU
		{1A9CEB89-5D94-4958-B740-E5E65F73B668}.Debug|Any CPU.Build.0 = Debug|Any CPU
		{1A9CEB89-5D94-4958-B740-E5E65F73B668}.Release|Any CPU.ActiveCfg = Release|Any CPU
		{1A9CEB89-5D94-4958-B740-E5E65F73B668}.Release|Any CPU.Build.0 = Release|Any CPU
		{4A28F918-C75F-4819-B354-9E36A8A9434C}.Debug|Any CPU.ActiveCfg = Debug|Any CPU
		{4A28F918-C75F-4819-B354-9E36A8A9434C}.Debug|Any CPU.Build.0 = Debug|Any CPU
		{4A28F918-C75F-4819-B354-9E36A8A9434C}.Release|Any CPU.ActiveCfg = Release|Any CPU
		{4A28F918-C75F-4819-B354-9E36A8A9434C}.Release|Any CPU.Build.0 = Release|Any CPU
	EndGlobalSection
	GlobalSection(SolutionProperties) = preSolution
		HideSolutionNode = FALSE
	EndGlobalSection
	GlobalSection(ExtensibilityGlobals) = postSolution
		SolutionGuid = {73E94C01-7439-4EAE-BF8D-1F0F3F14DFF5}
	EndGlobalSection
EndGlobal
